
Microsoft Visual Studio Solution File, Format Version 12.00
# Visual Studio 15
VisualStudioVersion = 15.0.26430.13
MinimumVisualStudioVersion = 10.0.40219.1
Project("{8BC9CEB8-8B4A-11D0-8D11-00A0C91BC942}") = "BasicX", "BasicX\BasicX.vcxproj", "{E745E25C-0143-42AC-A486-1395A4C972AE}"
EndProject
Project("{8BC9CEB8-8B4A-11D0-8D11-00A0C91BC942}") = "VariableApplication", "VariableApplication\VariableApplication.vcxproj", "{D96B0ECC-60B7-44C9-9E0F-243F30CB091C}"
	ProjectSection(ProjectDependencies) = postProject
		{E745E25C-0143-42AC-A486-1395A4C972AE} = {E745E25C-0143-42AC-A486-1395A4C972AE}
	EndProjectSection
EndProject
Project("{8BC9CEB8-8B4A-11D0-8D11-00A0C91BC942}") = "GLFW_Demo", "GLFW_Demo\GLFW_Demo.vcxproj", "{49647803-64C5-4742-BCB2-C8DC671B25EF}"
EndProject
Project("{8BC9CEB8-8B4A-11D0-8D11-00A0C91BC942}") = "GLFW_Application", "GLFW_Application\GLFW_Application.vcxproj", "{837A57D3-2A9F-4985-B2EA-E18558EEAA43}"
EndProject
Project("{2150E333-8FDC-42A3-9474-1A3956D46DE8}") = "DEMOS_GLFW", "DEMOS_GLFW", "{4A7E7A0E-D5B3-4ABB-B638-6C80B321E5DE}"
EndProject
Project("{2150E333-8FDC-42A3-9474-1A3956D46DE8}") = "Toolkit", "Toolkit", "{E081873A-3420-4007-A9C3-A7919945C153}"
EndProject
Project("{2150E333-8FDC-42A3-9474-1A3956D46DE8}") = "DEMOS", "DEMOS", "{75A6D539-8458-45DF-BE47-1376FB54C16E}"
EndProject
Project("{2150E333-8FDC-42A3-9474-1A3956D46DE8}") = "DEMOS_SFML", "DEMOS_SFML", "{A9417348-2E64-4CA1-AC6B-7D84FDCC2592}"
EndProject
Project("{8BC9CEB8-8B4A-11D0-8D11-00A0C91BC942}") = "SFML_Demo", "SFML_Demo\SFML_Demo.vcxproj", "{AE6E05E4-DC5F-4A08-9D77-93D4490DFFFF}"
EndProject
Project("{8BC9CEB8-8B4A-11D0-8D11-00A0C91BC942}") = "SFML_Application", "SFML_Application\SFML_Application.vcxproj", "{949C0D34-7F48-404C-985B-3795E00D7EE7}"
EndProject
Project("{8BC9CEB8-8B4A-11D0-8D11-00A0C91BC942}") = "Winapi", "Winapi\Winapi.vcxproj", "{EF9B5E00-F5D5-4EA6-9B4C-8C8149983517}"
EndProject
Project("{2150E333-8FDC-42A3-9474-1A3956D46DE8}") = "DEMOS_Winapi", "DEMOS_Winapi", "{01251884-230B-45EF-82FF-A3002DDA40E5}"
EndProject
Project("{2150E333-8FDC-42A3-9474-1A3956D46DE8}") = "DEMOS_SDL", "DEMOS_SDL", "{43760D89-29CD-4BC1-8997-37A06909907E}"
EndProject
Project("{8BC9CEB8-8B4A-11D0-8D11-00A0C91BC942}") = "SDL_Demo", "SDL_Demo\SDL_Demo.vcxproj", "{654799F4-5396-4466-84E9-2BFD26B5BE8A}"
EndProject
Project("{8BC9CEB8-8B4A-11D0-8D11-00A0C91BC942}") = "SDL_Application", "SDL_Application\SDL_Application.vcxproj", "{0CAD91E6-F886-4615-870F-EE1B186614DC}"
EndProject
Project("{8BC9CEB8-8B4A-11D0-8D11-00A0C91BC942}") = "00_Sandbox", "00_Sandbox\00_Sandbox.vcxproj", "{BE52867A-92EA-479A-9F73-1E96168F9A7B}"
EndProject
Project("{2150E333-8FDC-42A3-9474-1A3956D46DE8}") = "Class", "Class", "{E0A09DA7-AF20-49C2-84DC-481ADDD01DCA}"
EndProject
Project("{8BC9CEB8-8B4A-11D0-8D11-00A0C91BC942}") = "12_MeshClass", "12_MeshClass\12_MeshClass.vcxproj", "{C76AC833-06E7-4E6A-A097-83568F4930BE}"
	ProjectSection(ProjectDependencies) = postProject
		{E745E25C-0143-42AC-A486-1395A4C972AE} = {E745E25C-0143-42AC-A486-1395A4C972AE}
	EndProjectSection
EndProject
Project("{8BC9CEB8-8B4A-11D0-8D11-00A0C91BC942}") = "11_Minimal", "11_Minimal\11_Minimal.vcxproj", "{CEBD13BA-58AB-4983-8281-2FD4A23876F5}"
	ProjectSection(ProjectDependencies) = postProject
		{E745E25C-0143-42AC-A486-1395A4C972AE} = {E745E25C-0143-42AC-A486-1395A4C972AE}
	EndProjectSection
EndProject
Project("{2150E333-8FDC-42A3-9474-1A3956D46DE8}") = "Assignments", "Assignments", "{5D1FB011-A2D8-4107-890B-BF1ACD0C0994}"
EndProject
Project("{8BC9CEB8-8B4A-11D0-8D11-00A0C91BC942}") = "13_Translation and Scale", "13_Translation and Scale\13_Translation and Scale.vcxproj", "{F8D2226D-0FEB-4B92-9F76-59DBB6936F5C}"
	ProjectSection(ProjectDependencies) = postProject
		{E745E25C-0143-42AC-A486-1395A4C972AE} = {E745E25C-0143-42AC-A486-1395A4C972AE}
	EndProjectSection
EndProject
Project("{8BC9CEB8-8B4A-11D0-8D11-00A0C91BC942}") = "14_LERP", "14_LERP\14_LERP.vcxproj", "{0F3ED9B5-5767-4A16-A2B7-AA328F911889}"
	ProjectSection(ProjectDependencies) = postProject
		{E745E25C-0143-42AC-A486-1395A4C972AE} = {E745E25C-0143-42AC-A486-1395A4C972AE}
	EndProjectSection
EndProject
Project("{2150E333-8FDC-42A3-9474-1A3956D46DE8}") = "Exercises", "Exercises", "{13CD5CAF-2378-4851-9BEB-DF01D5A85C42}"
EndProject
Project("{8BC9CEB8-8B4A-11D0-8D11-00A0C91BC942}") = "E05 - LERP", "E05 - LERP\E05 - LERP.vcxproj", "{822E40D2-80A1-46EB-AD93-EC28C4F145ED}"
	ProjectSection(ProjectDependencies) = postProject
		{E745E25C-0143-42AC-A486-1395A4C972AE} = {E745E25C-0143-42AC-A486-1395A4C972AE}
	EndProjectSection
EndProject
Project("{8BC9CEB8-8B4A-11D0-8D11-00A0C91BC942}") = "15_Rotations", "15_Rotations\15_Rotations.vcxproj", "{8C11DBDA-D14E-43F4-8F33-C2206969681C}"
	ProjectSection(ProjectDependencies) = postProject
		{E745E25C-0143-42AC-A486-1395A4C972AE} = {E745E25C-0143-42AC-A486-1395A4C972AE}
	EndProjectSection
EndProject
Project("{8BC9CEB8-8B4A-11D0-8D11-00A0C91BC942}") = "A02 - 3D Primitives", "A02 - 3D Primitives\A02 - 3D Primitives.vcxproj", "{7EDBEED8-75ED-48EE-9F13-5D4A895E8F1B}"
	ProjectSection(ProjectDependencies) = postProject
		{E745E25C-0143-42AC-A486-1395A4C972AE} = {E745E25C-0143-42AC-A486-1395A4C972AE}
	EndProjectSection
EndProject
Project("{8BC9CEB8-8B4A-11D0-8D11-00A0C91BC942}") = "A03 - LERP", "A03 - LERP\A03 - LERP.vcxproj", "{63E8C63D-1CCD-43F2-9E0F-1510677DE856}"
	ProjectSection(ProjectDependencies) = postProject
		{E745E25C-0143-42AC-A486-1395A4C972AE} = {E745E25C-0143-42AC-A486-1395A4C972AE}
	EndProjectSection
EndProject
Project("{8BC9CEB8-8B4A-11D0-8D11-00A0C91BC942}") = "16_Quaternions", "16_Quaternions\16_Quaternions.vcxproj", "{1F43F357-3BBA-4A90-ABCC-A13ABFAE85B0}"
EndProject
Project("{8BC9CEB8-8B4A-11D0-8D11-00A0C91BC942}") = "17_ProjectionsAndCamera", "17_ProjectionsAndCamera\17_ProjectionsAndCamera.vcxproj", "{82D1372E-2527-4994-BB82-F2EF0A25A5BF}"
EndProject
Project("{8BC9CEB8-8B4A-11D0-8D11-00A0C91BC942}") = "18_ManagersAndInstancing", "18_ManagersAndInstancing\18_ManagersAndInstancing.vcxproj", "{8A69A84C-1395-4519-BFEA-A63FF0152003}"
EndProject
Project("{8BC9CEB8-8B4A-11D0-8D11-00A0C91BC942}") = "19_RigidBody", "19_RigidBody\19_RigidBody.vcxproj", "{9E15F775-D7C8-486A-A4B6-3F9F21881D69}"
EndProject
Project("{8BC9CEB8-8B4A-11D0-8D11-00A0C91BC942}") = "19_RigidBodyPt2", "19_RigidBodyPt2\19_RigidBodyPt2.vcxproj", "{F13A6A54-200D-4888-A8AC-D8F29122BF58}"
EndProject
Project("{8BC9CEB8-8B4A-11D0-8D11-00A0C91BC942}") = "19_RigidBodyPt3", "19_RigidBodyPt3\19_RigidBodyPt3.vcxproj", "{4FA51D19-8EF4-4B71-A2CB-557B075ED3B5}"
EndProject
Project("{8BC9CEB8-8B4A-11D0-8D11-00A0C91BC942}") = "19_SAT(outcome)", "19_SAT(outcome)\19_SAT(outcome).vcxproj", "{1DE3FADD-3B5E-4D01-A0EF-58D207A1C1DD}"
EndProject
Project("{8BC9CEB8-8B4A-11D0-8D11-00A0C91BC942}") = "20_Entity", "20_Entity\20_Entity.vcxproj", "{4B4B19F6-D848-4668-B938-F0686EB12F9A}"
EndProject
Project("{8BC9CEB8-8B4A-11D0-8D11-00A0C91BC942}") = "21_EntityManager", "21_EntityManager\21_EntityManager.vcxproj", "{B29A7F3F-25ED-41BB-93DB-A79A918FAFDC}"
EndProject
Project("{8BC9CEB8-8B4A-11D0-8D11-00A0C91BC942}") = "A04 - Camera", "A04 - Camera\A04 - Camera.vcxproj", "{08A11DA8-4582-4AE0-90FE-929F44487E65}"
EndProject
Project("{8BC9CEB8-8B4A-11D0-8D11-00A0C91BC942}") = "A05 - SAT", "A05 - SAT\A05 - SAT.vcxproj", "{413BF597-600A-43A8-8A82-CB60E2DCDD95}"
EndProject
Project("{8BC9CEB8-8B4A-11D0-8D11-00A0C91BC942}") = "E06 - Projections", "E06 - Projections\E06 - Projections.vcxproj", "{0BFF89F3-1A79-4B83-A0EB-7C16FDA662E1}"
EndProject
Project("{8BC9CEB8-8B4A-11D0-8D11-00A0C91BC942}") = "E07 - ARBB", "E07 - ARBB\E07 - ARBB.vcxproj", "{9557AEB2-A186-4645-B8D0-678D133C2EFA}"
EndProject
Project("{8BC9CEB8-8B4A-11D0-8D11-00A0C91BC942}") = "E08 - EntityManager", "E08 - EntityManager\E08 - EntityManager.vcxproj", "{870B329D-6DED-48D2-8E86-0893E3BB8DAB}"
EndProject
Project("{8BC9CEB8-8B4A-11D0-8D11-00A0C91BC942}") = "22_SpatialOptimization", "22_SpatialOptimization\22_SpatialOptimization.vcxproj", "{844D5FBC-A0E8-446D-AF24-7B6FAD8FD713}"
EndProject
Project("{8BC9CEB8-8B4A-11D0-8D11-00A0C91BC942}") = "23_SpatialOptimizationPt2", "23_SpatialOptimizationPt2\23_SpatialOptimizationPt2.vcxproj", "{AA74BEEF-2484-4B8A-A9F4-ACB122220189}"
EndProject
Project("{8BC9CEB8-8B4A-11D0-8D11-00A0C91BC942}") = "A06 - Octree", "A06 - Octree\A06 - Octree.vcxproj", "{44D2C07B-798D-461B-9019-DFB240593888}"
EndProject
Project("{8BC9CEB8-8B4A-11D0-8D11-00A0C91BC942}") = "24_Physics", "24_Physics\24_Physics.vcxproj", "{58CB6636-1057-466F-AB91-BADB3395421A}"
EndProject
Global
	GlobalSection(SolutionConfigurationPlatforms) = preSolution
		Debug|x86 = Debug|x86
		Release|x86 = Release|x86
	EndGlobalSection
	GlobalSection(ProjectConfigurationPlatforms) = postSolution
		{E745E25C-0143-42AC-A486-1395A4C972AE}.Debug|x86.ActiveCfg = Debug|Win32
		{E745E25C-0143-42AC-A486-1395A4C972AE}.Debug|x86.Build.0 = Debug|Win32
		{E745E25C-0143-42AC-A486-1395A4C972AE}.Release|x86.ActiveCfg = Release|Win32
		{E745E25C-0143-42AC-A486-1395A4C972AE}.Release|x86.Build.0 = Release|Win32
		{D96B0ECC-60B7-44C9-9E0F-243F30CB091C}.Debug|x86.ActiveCfg = Release|Win32
		{D96B0ECC-60B7-44C9-9E0F-243F30CB091C}.Debug|x86.Build.0 = Release|Win32
		{D96B0ECC-60B7-44C9-9E0F-243F30CB091C}.Release|x86.ActiveCfg = Release|Win32
		{D96B0ECC-60B7-44C9-9E0F-243F30CB091C}.Release|x86.Build.0 = Release|Win32
		{49647803-64C5-4742-BCB2-C8DC671B25EF}.Debug|x86.ActiveCfg = Debug|Win32
		{49647803-64C5-4742-BCB2-C8DC671B25EF}.Debug|x86.Build.0 = Debug|Win32
		{49647803-64C5-4742-BCB2-C8DC671B25EF}.Release|x86.ActiveCfg = Release|Win32
		{49647803-64C5-4742-BCB2-C8DC671B25EF}.Release|x86.Build.0 = Release|Win32
		{837A57D3-2A9F-4985-B2EA-E18558EEAA43}.Debug|x86.ActiveCfg = Debug|Win32
		{837A57D3-2A9F-4985-B2EA-E18558EEAA43}.Debug|x86.Build.0 = Debug|Win32
		{837A57D3-2A9F-4985-B2EA-E18558EEAA43}.Release|x86.ActiveCfg = Release|Win32
		{837A57D3-2A9F-4985-B2EA-E18558EEAA43}.Release|x86.Build.0 = Release|Win32
		{AE6E05E4-DC5F-4A08-9D77-93D4490DFFFF}.Debug|x86.ActiveCfg = Debug|Win32
		{AE6E05E4-DC5F-4A08-9D77-93D4490DFFFF}.Debug|x86.Build.0 = Debug|Win32
		{AE6E05E4-DC5F-4A08-9D77-93D4490DFFFF}.Release|x86.ActiveCfg = Release|Win32
		{AE6E05E4-DC5F-4A08-9D77-93D4490DFFFF}.Release|x86.Build.0 = Release|Win32
		{949C0D34-7F48-404C-985B-3795E00D7EE7}.Debug|x86.ActiveCfg = Debug|Win32
		{949C0D34-7F48-404C-985B-3795E00D7EE7}.Debug|x86.Build.0 = Debug|Win32
		{949C0D34-7F48-404C-985B-3795E00D7EE7}.Release|x86.ActiveCfg = Release|Win32
		{949C0D34-7F48-404C-985B-3795E00D7EE7}.Release|x86.Build.0 = Release|Win32
		{EF9B5E00-F5D5-4EA6-9B4C-8C8149983517}.Debug|x86.ActiveCfg = Debug|Win32
		{EF9B5E00-F5D5-4EA6-9B4C-8C8149983517}.Debug|x86.Build.0 = Debug|Win32
		{EF9B5E00-F5D5-4EA6-9B4C-8C8149983517}.Debug|x86.Deploy.0 = Debug|Win32
		{EF9B5E00-F5D5-4EA6-9B4C-8C8149983517}.Release|x86.ActiveCfg = Release|Win32
		{EF9B5E00-F5D5-4EA6-9B4C-8C8149983517}.Release|x86.Build.0 = Release|Win32
		{EF9B5E00-F5D5-4EA6-9B4C-8C8149983517}.Release|x86.Deploy.0 = Release|Win32
		{654799F4-5396-4466-84E9-2BFD26B5BE8A}.Debug|x86.ActiveCfg = Debug|Win32
		{654799F4-5396-4466-84E9-2BFD26B5BE8A}.Debug|x86.Build.0 = Debug|Win32
		{654799F4-5396-4466-84E9-2BFD26B5BE8A}.Release|x86.ActiveCfg = Release|Win32
		{654799F4-5396-4466-84E9-2BFD26B5BE8A}.Release|x86.Build.0 = Release|Win32
		{0CAD91E6-F886-4615-870F-EE1B186614DC}.Debug|x86.ActiveCfg = Debug|Win32
		{0CAD91E6-F886-4615-870F-EE1B186614DC}.Debug|x86.Build.0 = Debug|Win32
		{0CAD91E6-F886-4615-870F-EE1B186614DC}.Release|x86.ActiveCfg = Release|Win32
		{0CAD91E6-F886-4615-870F-EE1B186614DC}.Release|x86.Build.0 = Release|Win32
		{BE52867A-92EA-479A-9F73-1E96168F9A7B}.Debug|x86.ActiveCfg = Debug|Win32
		{BE52867A-92EA-479A-9F73-1E96168F9A7B}.Debug|x86.Build.0 = Debug|Win32
		{BE52867A-92EA-479A-9F73-1E96168F9A7B}.Release|x86.ActiveCfg = Release|Win32
		{BE52867A-92EA-479A-9F73-1E96168F9A7B}.Release|x86.Build.0 = Release|Win32
		{C76AC833-06E7-4E6A-A097-83568F4930BE}.Debug|x86.ActiveCfg = Debug|Win32
		{C76AC833-06E7-4E6A-A097-83568F4930BE}.Debug|x86.Build.0 = Debug|Win32
		{C76AC833-06E7-4E6A-A097-83568F4930BE}.Release|x86.ActiveCfg = Release|Win32
		{C76AC833-06E7-4E6A-A097-83568F4930BE}.Release|x86.Build.0 = Release|Win32
		{CEBD13BA-58AB-4983-8281-2FD4A23876F5}.Debug|x86.ActiveCfg = Debug|Win32
		{CEBD13BA-58AB-4983-8281-2FD4A23876F5}.Debug|x86.Build.0 = Debug|Win32
		{CEBD13BA-58AB-4983-8281-2FD4A23876F5}.Release|x86.ActiveCfg = Release|Win32
		{CEBD13BA-58AB-4983-8281-2FD4A23876F5}.Release|x86.Build.0 = Release|Win32
		{F8D2226D-0FEB-4B92-9F76-59DBB6936F5C}.Debug|x86.ActiveCfg = Debug|Win32
		{F8D2226D-0FEB-4B92-9F76-59DBB6936F5C}.Debug|x86.Build.0 = Debug|Win32
		{F8D2226D-0FEB-4B92-9F76-59DBB6936F5C}.Release|x86.ActiveCfg = Release|Win32
		{F8D2226D-0FEB-4B92-9F76-59DBB6936F5C}.Release|x86.Build.0 = Release|Win32
		{0F3ED9B5-5767-4A16-A2B7-AA328F911889}.Debug|x86.ActiveCfg = Debug|Win32
		{0F3ED9B5-5767-4A16-A2B7-AA328F911889}.Debug|x86.Build.0 = Debug|Win32
		{0F3ED9B5-5767-4A16-A2B7-AA328F911889}.Release|x86.ActiveCfg = Release|Win32
		{0F3ED9B5-5767-4A16-A2B7-AA328F911889}.Release|x86.Build.0 = Release|Win32
		{822E40D2-80A1-46EB-AD93-EC28C4F145ED}.Debug|x86.ActiveCfg = Debug|Win32
		{822E40D2-80A1-46EB-AD93-EC28C4F145ED}.Debug|x86.Build.0 = Debug|Win32
		{822E40D2-80A1-46EB-AD93-EC28C4F145ED}.Release|x86.ActiveCfg = Release|Win32
		{822E40D2-80A1-46EB-AD93-EC28C4F145ED}.Release|x86.Build.0 = Release|Win32
		{8C11DBDA-D14E-43F4-8F33-C2206969681C}.Debug|x86.ActiveCfg = Debug|Win32
		{8C11DBDA-D14E-43F4-8F33-C2206969681C}.Debug|x86.Build.0 = Debug|Win32
		{8C11DBDA-D14E-43F4-8F33-C2206969681C}.Release|x86.ActiveCfg = Release|Win32
		{8C11DBDA-D14E-43F4-8F33-C2206969681C}.Release|x86.Build.0 = Release|Win32
		{7EDBEED8-75ED-48EE-9F13-5D4A895E8F1B}.Debug|x86.ActiveCfg = Debug|Win32
		{7EDBEED8-75ED-48EE-9F13-5D4A895E8F1B}.Debug|x86.Build.0 = Debug|Win32
		{7EDBEED8-75ED-48EE-9F13-5D4A895E8F1B}.Release|x86.ActiveCfg = Release|Win32
		{7EDBEED8-75ED-48EE-9F13-5D4A895E8F1B}.Release|x86.Build.0 = Release|Win32
		{63E8C63D-1CCD-43F2-9E0F-1510677DE856}.Debug|x86.ActiveCfg = Debug|Win32
		{63E8C63D-1CCD-43F2-9E0F-1510677DE856}.Debug|x86.Build.0 = Debug|Win32
		{63E8C63D-1CCD-43F2-9E0F-1510677DE856}.Release|x86.ActiveCfg = Release|Win32
		{63E8C63D-1CCD-43F2-9E0F-1510677DE856}.Release|x86.Build.0 = Release|Win32
		{1F43F357-3BBA-4A90-ABCC-A13ABFAE85B0}.Debug|x86.ActiveCfg = Debug|Win32
		{1F43F357-3BBA-4A90-ABCC-A13ABFAE85B0}.Debug|x86.Build.0 = Debug|Win32
		{1F43F357-3BBA-4A90-ABCC-A13ABFAE85B0}.Release|x86.ActiveCfg = Release|Win32
		{1F43F357-3BBA-4A90-ABCC-A13ABFAE85B0}.Release|x86.Build.0 = Release|Win32
		{82D1372E-2527-4994-BB82-F2EF0A25A5BF}.Debug|x86.ActiveCfg = Debug|Win32
		{82D1372E-2527-4994-BB82-F2EF0A25A5BF}.Debug|x86.Build.0 = Debug|Win32
		{82D1372E-2527-4994-BB82-F2EF0A25A5BF}.Release|x86.ActiveCfg = Release|Win32
		{82D1372E-2527-4994-BB82-F2EF0A25A5BF}.Release|x86.Build.0 = Release|Win32
		{8A69A84C-1395-4519-BFEA-A63FF0152003}.Debug|x86.ActiveCfg = Debug|Win32
		{8A69A84C-1395-4519-BFEA-A63FF0152003}.Debug|x86.Build.0 = Debug|Win32
		{8A69A84C-1395-4519-BFEA-A63FF0152003}.Release|x86.ActiveCfg = Release|Win32
		{8A69A84C-1395-4519-BFEA-A63FF0152003}.Release|x86.Build.0 = Release|Win32
		{9E15F775-D7C8-486A-A4B6-3F9F21881D69}.Debug|x86.ActiveCfg = Debug|Win32
		{9E15F775-D7C8-486A-A4B6-3F9F21881D69}.Debug|x86.Build.0 = Debug|Win32
		{9E15F775-D7C8-486A-A4B6-3F9F21881D69}.Release|x86.ActiveCfg = Release|Win32
		{9E15F775-D7C8-486A-A4B6-3F9F21881D69}.Release|x86.Build.0 = Release|Win32
		{F13A6A54-200D-4888-A8AC-D8F29122BF58}.Debug|x86.ActiveCfg = Debug|Win32
		{F13A6A54-200D-4888-A8AC-D8F29122BF58}.Debug|x86.Build.0 = Debug|Win32
		{F13A6A54-200D-4888-A8AC-D8F29122BF58}.Release|x86.ActiveCfg = Release|Win32
		{F13A6A54-200D-4888-A8AC-D8F29122BF58}.Release|x86.Build.0 = Release|Win32
		{4FA51D19-8EF4-4B71-A2CB-557B075ED3B5}.Debug|x86.ActiveCfg = Debug|Win32
		{4FA51D19-8EF4-4B71-A2CB-557B075ED3B5}.Debug|x86.Build.0 = Debug|Win32
		{4FA51D19-8EF4-4B71-A2CB-557B075ED3B5}.Release|x86.ActiveCfg = Release|Win32
		{4FA51D19-8EF4-4B71-A2CB-557B075ED3B5}.Release|x86.Build.0 = Release|Win32
		{1DE3FADD-3B5E-4D01-A0EF-58D207A1C1DD}.Debug|x86.ActiveCfg = Debug|Win32
		{1DE3FADD-3B5E-4D01-A0EF-58D207A1C1DD}.Debug|x86.Build.0 = Debug|Win32
		{1DE3FADD-3B5E-4D01-A0EF-58D207A1C1DD}.Release|x86.ActiveCfg = Release|Win32
		{1DE3FADD-3B5E-4D01-A0EF-58D207A1C1DD}.Release|x86.Build.0 = Release|Win32
		{4B4B19F6-D848-4668-B938-F0686EB12F9A}.Debug|x86.ActiveCfg = Debug|Win32
		{4B4B19F6-D848-4668-B938-F0686EB12F9A}.Debug|x86.Build.0 = Debug|Win32
		{4B4B19F6-D848-4668-B938-F0686EB12F9A}.Release|x86.ActiveCfg = Release|Win32
		{4B4B19F6-D848-4668-B938-F0686EB12F9A}.Release|x86.Build.0 = Release|Win32
		{B29A7F3F-25ED-41BB-93DB-A79A918FAFDC}.Debug|x86.ActiveCfg = Debug|Win32
		{B29A7F3F-25ED-41BB-93DB-A79A918FAFDC}.Debug|x86.Build.0 = Debug|Win32
		{B29A7F3F-25ED-41BB-93DB-A79A918FAFDC}.Release|x86.ActiveCfg = Release|Win32
		{B29A7F3F-25ED-41BB-93DB-A79A918FAFDC}.Release|x86.Build.0 = Release|Win32
		{08A11DA8-4582-4AE0-90FE-929F44487E65}.Debug|x86.ActiveCfg = Debug|Win32
		{08A11DA8-4582-4AE0-90FE-929F44487E65}.Debug|x86.Build.0 = Debug|Win32
		{08A11DA8-4582-4AE0-90FE-929F44487E65}.Release|x86.ActiveCfg = Release|Win32
		{08A11DA8-4582-4AE0-90FE-929F44487E65}.Release|x86.Build.0 = Release|Win32
		{413BF597-600A-43A8-8A82-CB60E2DCDD95}.Debug|x86.ActiveCfg = Debug|Win32
		{413BF597-600A-43A8-8A82-CB60E2DCDD95}.Debug|x86.Build.0 = Debug|Win32
		{413BF597-600A-43A8-8A82-CB60E2DCDD95}.Release|x86.ActiveCfg = Release|Win32
		{413BF597-600A-43A8-8A82-CB60E2DCDD95}.Release|x86.Build.0 = Release|Win32
		{0BFF89F3-1A79-4B83-A0EB-7C16FDA662E1}.Debug|x86.ActiveCfg = Debug|Win32
		{0BFF89F3-1A79-4B83-A0EB-7C16FDA662E1}.Debug|x86.Build.0 = Debug|Win32
		{0BFF89F3-1A79-4B83-A0EB-7C16FDA662E1}.Release|x86.ActiveCfg = Release|Win32
		{0BFF89F3-1A79-4B83-A0EB-7C16FDA662E1}.Release|x86.Build.0 = Release|Win32
		{9557AEB2-A186-4645-B8D0-678D133C2EFA}.Debug|x86.ActiveCfg = Debug|Win32
		{9557AEB2-A186-4645-B8D0-678D133C2EFA}.Debug|x86.Build.0 = Debug|Win32
		{9557AEB2-A186-4645-B8D0-678D133C2EFA}.Release|x86.ActiveCfg = Release|Win32
		{9557AEB2-A186-4645-B8D0-678D133C2EFA}.Release|x86.Build.0 = Release|Win32
		{870B329D-6DED-48D2-8E86-0893E3BB8DAB}.Debug|x86.ActiveCfg = Debug|Win32
		{870B329D-6DED-48D2-8E86-0893E3BB8DAB}.Debug|x86.Build.0 = Debug|Win32
		{870B329D-6DED-48D2-8E86-0893E3BB8DAB}.Release|x86.ActiveCfg = Release|Win32
		{870B329D-6DED-48D2-8E86-0893E3BB8DAB}.Release|x86.Build.0 = Release|Win32
		{844D5FBC-A0E8-446D-AF24-7B6FAD8FD713}.Debug|x86.ActiveCfg = Debug|Win32
		{844D5FBC-A0E8-446D-AF24-7B6FAD8FD713}.Debug|x86.Build.0 = Debug|Win32
		{844D5FBC-A0E8-446D-AF24-7B6FAD8FD713}.Release|x86.ActiveCfg = Release|Win32
		{844D5FBC-A0E8-446D-AF24-7B6FAD8FD713}.Release|x86.Build.0 = Release|Win32
		{AA74BEEF-2484-4B8A-A9F4-ACB122220189}.Debug|x86.ActiveCfg = Debug|Win32
		{AA74BEEF-2484-4B8A-A9F4-ACB122220189}.Debug|x86.Build.0 = Debug|Win32
		{AA74BEEF-2484-4B8A-A9F4-ACB122220189}.Release|x86.ActiveCfg = Release|Win32
		{AA74BEEF-2484-4B8A-A9F4-ACB122220189}.Release|x86.Build.0 = Release|Win32
		{44D2C07B-798D-461B-9019-DFB240593888}.Debug|x86.ActiveCfg = Debug|Win32
		{44D2C07B-798D-461B-9019-DFB240593888}.Debug|x86.Build.0 = Debug|Win32
		{44D2C07B-798D-461B-9019-DFB240593888}.Release|x86.ActiveCfg = Release|Win32
		{44D2C07B-798D-461B-9019-DFB240593888}.Release|x86.Build.0 = Release|Win32
		{58CB6636-1057-466F-AB91-BADB3395421A}.Debug|x86.ActiveCfg = Debug|Win32
		{58CB6636-1057-466F-AB91-BADB3395421A}.Debug|x86.Build.0 = Debug|Win32
		{58CB6636-1057-466F-AB91-BADB3395421A}.Release|x86.ActiveCfg = Release|Win32
		{58CB6636-1057-466F-AB91-BADB3395421A}.Release|x86.Build.0 = Release|Win32
	EndGlobalSection
	GlobalSection(SolutionProperties) = preSolution
		HideSolutionNode = FALSE
	EndGlobalSection
	GlobalSection(NestedProjects) = preSolution
		{E745E25C-0143-42AC-A486-1395A4C972AE} = {E081873A-3420-4007-A9C3-A7919945C153}
		{D96B0ECC-60B7-44C9-9E0F-243F30CB091C} = {01251884-230B-45EF-82FF-A3002DDA40E5}
		{49647803-64C5-4742-BCB2-C8DC671B25EF} = {4A7E7A0E-D5B3-4ABB-B638-6C80B321E5DE}
		{837A57D3-2A9F-4985-B2EA-E18558EEAA43} = {4A7E7A0E-D5B3-4ABB-B638-6C80B321E5DE}
		{4A7E7A0E-D5B3-4ABB-B638-6C80B321E5DE} = {75A6D539-8458-45DF-BE47-1376FB54C16E}
		{A9417348-2E64-4CA1-AC6B-7D84FDCC2592} = {75A6D539-8458-45DF-BE47-1376FB54C16E}
		{AE6E05E4-DC5F-4A08-9D77-93D4490DFFFF} = {A9417348-2E64-4CA1-AC6B-7D84FDCC2592}
		{949C0D34-7F48-404C-985B-3795E00D7EE7} = {A9417348-2E64-4CA1-AC6B-7D84FDCC2592}
		{EF9B5E00-F5D5-4EA6-9B4C-8C8149983517} = {01251884-230B-45EF-82FF-A3002DDA40E5}
		{01251884-230B-45EF-82FF-A3002DDA40E5} = {75A6D539-8458-45DF-BE47-1376FB54C16E}
		{43760D89-29CD-4BC1-8997-37A06909907E} = {75A6D539-8458-45DF-BE47-1376FB54C16E}
		{654799F4-5396-4466-84E9-2BFD26B5BE8A} = {43760D89-29CD-4BC1-8997-37A06909907E}
		{0CAD91E6-F886-4615-870F-EE1B186614DC} = {43760D89-29CD-4BC1-8997-37A06909907E}
		{BE52867A-92EA-479A-9F73-1E96168F9A7B} = {75A6D539-8458-45DF-BE47-1376FB54C16E}
		{C76AC833-06E7-4E6A-A097-83568F4930BE} = {E0A09DA7-AF20-49C2-84DC-481ADDD01DCA}
		{CEBD13BA-58AB-4983-8281-2FD4A23876F5} = {E0A09DA7-AF20-49C2-84DC-481ADDD01DCA}
		{F8D2226D-0FEB-4B92-9F76-59DBB6936F5C} = {E0A09DA7-AF20-49C2-84DC-481ADDD01DCA}
		{0F3ED9B5-5767-4A16-A2B7-AA328F911889} = {E0A09DA7-AF20-49C2-84DC-481ADDD01DCA}
		{822E40D2-80A1-46EB-AD93-EC28C4F145ED} = {13CD5CAF-2378-4851-9BEB-DF01D5A85C42}
		{8C11DBDA-D14E-43F4-8F33-C2206969681C} = {E0A09DA7-AF20-49C2-84DC-481ADDD01DCA}
		{7EDBEED8-75ED-48EE-9F13-5D4A895E8F1B} = {5D1FB011-A2D8-4107-890B-BF1ACD0C0994}
		{63E8C63D-1CCD-43F2-9E0F-1510677DE856} = {5D1FB011-A2D8-4107-890B-BF1ACD0C0994}
		{1F43F357-3BBA-4A90-ABCC-A13ABFAE85B0} = {E0A09DA7-AF20-49C2-84DC-481ADDD01DCA}
		{82D1372E-2527-4994-BB82-F2EF0A25A5BF} = {E0A09DA7-AF20-49C2-84DC-481ADDD01DCA}
		{8A69A84C-1395-4519-BFEA-A63FF0152003} = {E0A09DA7-AF20-49C2-84DC-481ADDD01DCA}
		{9E15F775-D7C8-486A-A4B6-3F9F21881D69} = {E0A09DA7-AF20-49C2-84DC-481ADDD01DCA}
		{F13A6A54-200D-4888-A8AC-D8F29122BF58} = {E0A09DA7-AF20-49C2-84DC-481ADDD01DCA}
		{4FA51D19-8EF4-4B71-A2CB-557B075ED3B5} = {E0A09DA7-AF20-49C2-84DC-481ADDD01DCA}
		{1DE3FADD-3B5E-4D01-A0EF-58D207A1C1DD} = {E0A09DA7-AF20-49C2-84DC-481ADDD01DCA}
		{4B4B19F6-D848-4668-B938-F0686EB12F9A} = {E0A09DA7-AF20-49C2-84DC-481ADDD01DCA}
		{B29A7F3F-25ED-41BB-93DB-A79A918FAFDC} = {E0A09DA7-AF20-49C2-84DC-481ADDD01DCA}
		{08A11DA8-4582-4AE0-90FE-929F44487E65} = {5D1FB011-A2D8-4107-890B-BF1ACD0C0994}
		{413BF597-600A-43A8-8A82-CB60E2DCDD95} = {5D1FB011-A2D8-4107-890B-BF1ACD0C0994}
		{0BFF89F3-1A79-4B83-A0EB-7C16FDA662E1} = {13CD5CAF-2378-4851-9BEB-DF01D5A85C42}
		{9557AEB2-A186-4645-B8D0-678D133C2EFA} = {13CD5CAF-2378-4851-9BEB-DF01D5A85C42}
		{870B329D-6DED-48D2-8E86-0893E3BB8DAB} = {13CD5CAF-2378-4851-9BEB-DF01D5A85C42}
		{844D5FBC-A0E8-446D-AF24-7B6FAD8FD713} = {E0A09DA7-AF20-49C2-84DC-481ADDD01DCA}
		{AA74BEEF-2484-4B8A-A9F4-ACB122220189} = {E0A09DA7-AF20-49C2-84DC-481ADDD01DCA}
		{44D2C07B-798D-461B-9019-DFB240593888} = {5D1FB011-A2D8-4107-890B-BF1ACD0C0994}
		{58CB6636-1057-466F-AB91-BADB3395421A} = {E0A09DA7-AF20-49C2-84DC-481ADDD01DCA}
	EndGlobalSection
EndGlobal
